
Microsoft Visual Studio Solution File, Format Version 12.00
# Visual Studio Version 16
VisualStudioVersion = 16.0.31205.134
MinimumVisualStudioVersion = 10.0.40219.1
Project("{FAE04EC0-301F-11D3-BF4B-00C04F79EFBC}") = "DropLogger", "DropLogger\DropLogger.csproj", "{586B9680-BD91-46AB-8538-457703877BD2}"
EndProject
Global
	GlobalSection(SolutionConfigurationPlatforms) = preSolution
		Debug|Any CPU = Debug|Any CPU
		Release|Any CPU = Release|Any CPU
	EndGlobalSection
	GlobalSection(ProjectConfigurationPlatforms) = postSolution
		{586B9680-BD91-46AB-8538-457703877BD2}.Debug|Any CPU.ActiveCfg = Debug|Any CPU
		{586B9680-BD91-46AB-8538-457703877BD2}.Debug|Any CPU.Build.0 = Debug|Any CPU
		{586B9680-BD91-46AB-8538-457703877BD2}.Release|Any CPU.ActiveCfg = Release|Any CPU
		{586B9680-BD91-46AB-8538-457703877BD2}.Release|Any CPU.Build.0 = Release|Any CPU
	EndGlobalSection
	GlobalSection(SolutionProperties) = preSolution
		HideSolutionNode = FALSE
	EndGlobalSection
	GlobalSection(ExtensibilityGlobals) = postSolution
		SolutionGuid = {EA3B91A1-B780-4BAD-A41D-179EFB984B72}
	EndGlobalSection
EndGlobal
